
Microsoft Visual Studio Solution File, Format Version 12.00
# Visual Studio Version 17
VisualStudioVersion = 17.7.34221.43
MinimumVisualStudioVersion = 10.0.40219.1
Project("{9A19103F-16F7-4668-BE54-9A1E7A4F7556}") = "Domain", "Domain\Domain.csproj", "{EB10778D-BC0E-4F00-98FA-91457977C271}"
EndProject
Project("{9A19103F-16F7-4668-BE54-9A1E7A4F7556}") = "Application", "BL\Application.csproj", "{D1DDB0D2-FB1A-4B4C-B4C0-E7E1234B74BA}"
EndProject
Project("{9A19103F-16F7-4668-BE54-9A1E7A4F7556}") = "Infrastructure", "DL\Infrastructure.csproj", "{5818636D-E2CF-4A1D-A58E-D8B067A989E2}"
EndProject
Project("{FAE04EC0-301F-11D3-BF4B-00C04F79EFBC}") = "ControllerAPI", "ControllerAPI\ControllerAPI.csproj", "{39A1CF9C-5005-49D2-BAFF-25076048EB56}"
EndProject
Global
	GlobalSection(SolutionConfigurationPlatforms) = preSolution
		Debug|Any CPU = Debug|Any CPU
		Release|Any CPU = Release|Any CPU
	EndGlobalSection
	GlobalSection(ProjectConfigurationPlatforms) = postSolution
		{EB10778D-BC0E-4F00-98FA-91457977C271}.Debug|Any CPU.ActiveCfg = Debug|Any CPU
		{EB10778D-BC0E-4F00-98FA-91457977C271}.Debug|Any CPU.Build.0 = Debug|Any CPU
		{EB10778D-BC0E-4F00-98FA-91457977C271}.Release|Any CPU.ActiveCfg = Release|Any CPU
		{EB10778D-BC0E-4F00-98FA-91457977C271}.Release|Any CPU.Build.0 = Release|Any CPU
		{D1DDB0D2-FB1A-4B4C-B4C0-E7E1234B74BA}.Debug|Any CPU.ActiveCfg = Debug|Any CPU
		{D1DDB0D2-FB1A-4B4C-B4C0-E7E1234B74BA}.Debug|Any CPU.Build.0 = Debug|Any CPU
		{D1DDB0D2-FB1A-4B4C-B4C0-E7E1234B74BA}.Release|Any CPU.ActiveCfg = Release|Any CPU
		{D1DDB0D2-FB1A-4B4C-B4C0-E7E1234B74BA}.Release|Any CPU.Build.0 = Release|Any CPU
		{5818636D-E2CF-4A1D-A58E-D8B067A989E2}.Debug|Any CPU.ActiveCfg = Debug|Any CPU
		{5818636D-E2CF-4A1D-A58E-D8B067A989E2}.Debug|Any CPU.Build.0 = Debug|Any CPU
		{5818636D-E2CF-4A1D-A58E-D8B067A989E2}.Release|Any CPU.ActiveCfg = Release|Any CPU
		{5818636D-E2CF-4A1D-A58E-D8B067A989E2}.Release|Any CPU.Build.0 = Release|Any CPU
		{39A1CF9C-5005-49D2-BAFF-25076048EB56}.Debug|Any CPU.ActiveCfg = Debug|Any CPU
		{39A1CF9C-5005-49D2-BAFF-25076048EB56}.Debug|Any CPU.Build.0 = Debug|Any CPU
		{39A1CF9C-5005-49D2-BAFF-25076048EB56}.Release|Any CPU.ActiveCfg = Release|Any CPU
		{39A1CF9C-5005-49D2-BAFF-25076048EB56}.Release|Any CPU.Build.0 = Release|Any CPU
	EndGlobalSection
	GlobalSection(SolutionProperties) = preSolution
		HideSolutionNode = FALSE
	EndGlobalSection
	GlobalSection(ExtensibilityGlobals) = postSolution
		SolutionGuid = {2A49CB20-BE17-4BE9-B005-3F78ABCCA0E3}
	EndGlobalSection
EndGlobal
